
Microsoft Visual Studio Solution File, Format Version 12.00
# Visual Studio Version 17
VisualStudioVersion = 17.8.34330.188
MinimumVisualStudioVersion = 10.0.40219.1
Project("{9A19103F-16F7-4668-BE54-9A1E7A4F7556}") = "Application", "Application\Application.csproj", "{F5A5B450-9DE0-428E-B463-012A9F39BF13}"
EndProject
Project("{9A19103F-16F7-4668-BE54-9A1E7A4F7556}") = "Domain", "Domain\Domain.csproj", "{DAA63C60-B589-4F3A-A62A-4A26592687F3}"
EndProject
Project("{9A19103F-16F7-4668-BE54-9A1E7A4F7556}") = "Infrastructure", "Infrastructure\Infrastructure.csproj", "{1BD11BA0-77D4-4D15-AFB8-C286EEDC9B30}"
EndProject
Project("{9A19103F-16F7-4668-BE54-9A1E7A4F7556}") = "Presentation", "Presentation\Presentation.csproj", "{B77C7C9C-0A42-4CD5-8F3D-DEDD6B6F6B45}"
EndProject
Project("{2150E333-8FDC-42A3-9474-1A3956D46DE8}") = "Solution Items", "Solution Items", "{8846A90B-5DC4-46B0-8D7A-C9C629F21398}"
	ProjectSection(SolutionItems) = preProject
		SolutionFiles\.dockerignore = SolutionFiles\.dockerignore
		SolutionFiles\appsettings.Development.json = SolutionFiles\appsettings.Development.json
		SolutionFiles\appsettings.json = SolutionFiles\appsettings.json
		SolutionFiles\Dockerfile = SolutionFiles\Dockerfile
	EndProjectSection
EndProject
Global
	GlobalSection(SolutionConfigurationPlatforms) = preSolution
		Debug|Any CPU = Debug|Any CPU
		Release|Any CPU = Release|Any CPU
	EndGlobalSection
	GlobalSection(ProjectConfigurationPlatforms) = postSolution
		{F5A5B450-9DE0-428E-B463-012A9F39BF13}.Debug|Any CPU.ActiveCfg = Debug|Any CPU
		{F5A5B450-9DE0-428E-B463-012A9F39BF13}.Debug|Any CPU.Build.0 = Debug|Any CPU
		{F5A5B450-9DE0-428E-B463-012A9F39BF13}.Release|Any CPU.ActiveCfg = Release|Any CPU
		{F5A5B450-9DE0-428E-B463-012A9F39BF13}.Release|Any CPU.Build.0 = Release|Any CPU
		{DAA63C60-B589-4F3A-A62A-4A26592687F3}.Debug|Any CPU.ActiveCfg = Debug|Any CPU
		{DAA63C60-B589-4F3A-A62A-4A26592687F3}.Debug|Any CPU.Build.0 = Debug|Any CPU
		{DAA63C60-B589-4F3A-A62A-4A26592687F3}.Release|Any CPU.ActiveCfg = Release|Any CPU
		{DAA63C60-B589-4F3A-A62A-4A26592687F3}.Release|Any CPU.Build.0 = Release|Any CPU
		{1BD11BA0-77D4-4D15-AFB8-C286EEDC9B30}.Debug|Any CPU.ActiveCfg = Debug|Any CPU
		{1BD11BA0-77D4-4D15-AFB8-C286EEDC9B30}.Debug|Any CPU.Build.0 = Debug|Any CPU
		{1BD11BA0-77D4-4D15-AFB8-C286EEDC9B30}.Release|Any CPU.ActiveCfg = Release|Any CPU
		{1BD11BA0-77D4-4D15-AFB8-C286EEDC9B30}.Release|Any CPU.Build.0 = Release|Any CPU
		{B77C7C9C-0A42-4CD5-8F3D-DEDD6B6F6B45}.Debug|Any CPU.ActiveCfg = Debug|Any CPU
		{B77C7C9C-0A42-4CD5-8F3D-DEDD6B6F6B45}.Debug|Any CPU.Build.0 = Debug|Any CPU
		{B77C7C9C-0A42-4CD5-8F3D-DEDD6B6F6B45}.Release|Any CPU.ActiveCfg = Release|Any CPU
		{B77C7C9C-0A42-4CD5-8F3D-DEDD6B6F6B45}.Release|Any CPU.Build.0 = Release|Any CPU
	EndGlobalSection
	GlobalSection(SolutionProperties) = preSolution
		HideSolutionNode = FALSE
	EndGlobalSection
	GlobalSection(ExtensibilityGlobals) = postSolution
		SolutionGuid = {B77C84B3-110C-4F29-BBC5-345CEE33009D}
	EndGlobalSection
EndGlobal
